
Microsoft Visual Studio Solution File, Format Version 12.00
# Visual Studio 15
VisualStudioVersion = 15.0.27703.2035
MinimumVisualStudioVersion = 10.0.40219.1
Project("{FAE04EC0-301F-11D3-BF4B-00C04F79EFBC}") = "aspdotnet_core", "aspdotnet_core\aspdotnet_core.csproj", "{330D2506-D72C-41AD-9359-B6A122506D2A}"
EndProject
Global
	GlobalSection(SolutionConfigurationPlatforms) = preSolution
		Debug|Any CPU = Debug|Any CPU
		Release|Any CPU = Release|Any CPU
	EndGlobalSection
	GlobalSection(ProjectConfigurationPlatforms) = postSolution
		{330D2506-D72C-41AD-9359-B6A122506D2A}.Debug|Any CPU.ActiveCfg = Debug|Any CPU
		{330D2506-D72C-41AD-9359-B6A122506D2A}.Debug|Any CPU.Build.0 = Debug|Any CPU
		{330D2506-D72C-41AD-9359-B6A122506D2A}.Release|Any CPU.ActiveCfg = Release|Any CPU
		{330D2506-D72C-41AD-9359-B6A122506D2A}.Release|Any CPU.Build.0 = Release|Any CPU
	EndGlobalSection
	GlobalSection(SolutionProperties) = preSolution
		HideSolutionNode = FALSE
	EndGlobalSection
	GlobalSection(ExtensibilityGlobals) = postSolution
		SolutionGuid = {A2F229E2-1A6D-413D-8CB8-B485D56D61F3}
	EndGlobalSection
EndGlobal
